// !$*UTF8*$!
{
	archiveVersion = 1;
	classes = {
	};
	objectVersion = 48;
	objects = {

/* Begin PBXBuildFile section */
		141C3579206FC15A00E9121F /* AppDelegate.m in Sources */ = {isa = PBXBuildFile; fileRef = 141C3578206FC15A00E9121F /* AppDelegate.m */; };
		141C357C206FC15A00E9121F /* ViewController.m in Sources */ = {isa = PBXBuildFile; fileRef = 141C357B206FC15A00E9121F /* ViewController.m */; };
		141C357F206FC15A00E9121F /* Main.storyboard in Resources */ = {isa = PBXBuildFile; fileRef = 141C357D206FC15A00E9121F /* Main.storyboard */; };
		141C3581206FC15A00E9121F /* Assets.xcassets in Resources */ = {isa = PBXBuildFile; fileRef = 141C3580206FC15A00E9121F /* Assets.xcassets */; };
		141C3584206FC15A00E9121F /* LaunchScreen.storyboard in Resources */ = {isa = PBXBuildFile; fileRef = 141C3582206FC15A00E9121F /* LaunchScreen.storyboard */; };
		141C3587206FC15A00E9121F /* main.m in Sources */ = {isa = PBXBuildFile; fileRef = 141C3586206FC15A00E9121F /* main.m */; };
		141C3591206FC15A00E9121F /* SCDownloadDemoTests.m in Sources */ = {isa = PBXBuildFile; fileRef = 141C3590206FC15A00E9121F /* SCDownloadDemoTests.m */; };
		141C359C206FC15A00E9121F /* SCDownloadDemoUITests.m in Sources */ = {isa = PBXBuildFile; fileRef = 141C359B206FC15A00E9121F /* SCDownloadDemoUITests.m */; };
		141C35B1206FC17C00E9121F /* 神经网络和深度学习-吴恩达.txt in Resources */ = {isa = PBXBuildFile; fileRef = 141C35AB206FC17C00E9121F /* 神经网络和深度学习-吴恩达.txt */; };
		141C35B2206FC17C00E9121F /* SCDownloader.m in Sources */ = {isa = PBXBuildFile; fileRef = 141C35AD206FC17C00E9121F /* SCDownloader.m */; };
		141C35B3206FC17C00E9121F /* SCDownloadTask.m in Sources */ = {isa = PBXBuildFile; fileRef = 141C35AE206FC17C00E9121F /* SCDownloadTask.m */; };
		141C35B4206FC17C00E9121F /* SCOperation.m in Sources */ = {isa = PBXBuildFile; fileRef = 141C35B0206FC17C00E9121F /* SCOperation.m */; };
		141C35B8206FC1EA00E9121F /* SCCell.m in Sources */ = {isa = PBXBuildFile; fileRef = 141C35B6206FC1E900E9121F /* SCCell.m */; };
		141C35B9206FC1EA00E9121F /* SCCell.xib in Resources */ = {isa = PBXBuildFile; fileRef = 141C35B7206FC1E900E9121F /* SCCell.xib */; };
/* End PBXBuildFile section */

/* Begin PBXContainerItemProxy section */
		141C358D206FC15A00E9121F /* PBXContainerItemProxy */ = {
			isa = PBXContainerItemProxy;
			containerPortal = 141C356C206FC15A00E9121F /* Project object */;
			proxyType = 1;
			remoteGlobalIDString = 141C3573206FC15A00E9121F;
			remoteInfo = SCDownloadDemo;
		};
		141C3598206FC15A00E9121F /* PBXContainerItemProxy */ = {
			isa = PBXContainerItemProxy;
			containerPortal = 141C356C206FC15A00E9121F /* Project object */;
			proxyType = 1;
			remoteGlobalIDString = 141C3573206FC15A00E9121F;
			remoteInfo = SCDownloadDemo;
		};
/* End PBXContainerItemProxy section */

/* Begin PBXFileReference section */
		141C3574206FC15A00E9121F /* SCDownloadDemo.app */ = {isa = PBXFileReference; explicitFileType = wrapper.application; includeInIndex = 0; path = SCDownloadDemo.app; sourceTree = BUILT_PRODUCTS_DIR; };
		141C3577206FC15A00E9121F /* AppDelegate.h */ = {isa = PBXFileReference; lastKnownFileType = sourcecode.c.h; path = AppDelegate.h; sourceTree = "<group>"; };
		141C3578206FC15A00E9121F /* AppDelegate.m */ = {isa = PBXFileReference; lastKnownFileType = sourcecode.c.objc; path = AppDelegate.m; sourceTree = "<group>"; };
		141C357A206FC15A00E9121F /* ViewController.h */ = {isa = PBXFileReference; lastKnownFileType = sourcecode.c.h; path = ViewController.h; sourceTree = "<group>"; };
		141C357B206FC15A00E9121F /* ViewController.m */ = {isa = PBXFileReference; lastKnownFileType = sourcecode.c.objc; path = ViewController.m; sourceTree = "<group>"; };
		141C357E206FC15A00E9121F /* Base */ = {isa = PBXFileReference; lastKnownFileType = file.storyboard; name = Base; path = Base.lproj/Main.storyboard; sourceTree = "<group>"; };
		141C3580206FC15A00E9121F /* Assets.xcassets */ = {isa = PBXFileReference; lastKnownFileType = folder.assetcatalog; path = Assets.xcassets; sourceTree = "<group>"; };
		141C3583206FC15A00E9121F /* Base */ = {isa = PBXFileReference; lastKnownFileType = file.storyboard; name = Base; path = Base.lproj/LaunchScreen.storyboard; sourceTree = "<group>"; };
		141C3585206FC15A00E9121F /* Info.plist */ = {isa = PBXFileReference; lastKnownFileType = text.plist.xml; path = Info.plist; sourceTree = "<group>"; };
		141C3586206FC15A00E9121F /* main.m */ = {isa = PBXFileReference; lastKnownFileType = sourcecode.c.objc; path = main.m; sourceTree = "<group>"; };
		141C358C206FC15A00E9121F /* SCDownloadDemoTests.xctest */ = {isa = PBXFileReference; explicitFileType = wrapper.cfbundle; includeInIndex = 0; path = SCDownloadDemoTests.xctest; sourceTree = BUILT_PRODUCTS_DIR; };
		141C3590206FC15A00E9121F /* SCDownloadDemoTests.m */ = {isa = PBXFileReference; lastKnownFileType = sourcecode.c.objc; path = SCDownloadDemoTests.m; sourceTree = "<group>"; };
		141C3592206FC15A00E9121F /* Info.plist */ = {isa = PBXFileReference; lastKnownFileType = text.plist.xml; path = Info.plist; sourceTree = "<group>"; };
		141C3597206FC15A00E9121F /* SCDownloadDemoUITests.xctest */ = {isa = PBXFileReference; explicitFileType = wrapper.cfbundle; includeInIndex = 0; path = SCDownloadDemoUITests.xctest; sourceTree = BUILT_PRODUCTS_DIR; };
		141C359B206FC15A00E9121F /* SCDownloadDemoUITests.m */ = {isa = PBXFileReference; lastKnownFileType = sourcecode.c.objc; path = SCDownloadDemoUITests.m; sourceTree = "<group>"; };
		141C359D206FC15A00E9121F /* Info.plist */ = {isa = PBXFileReference; lastKnownFileType = text.plist.xml; path = Info.plist; sourceTree = "<group>"; };
		141C35AA206FC17C00E9121F /* SCDownloadTask.h */ = {isa = PBXFileReference; fileEncoding = 4; lastKnownFileType = sourcecode.c.h; path = SCDownloadTask.h; sourceTree = "<group>"; };
		141C35AB206FC17C00E9121F /* 神经网络和深度学习-吴恩达.txt */ = {isa = PBXFileReference; fileEncoding = 4; lastKnownFileType = text; path = "神经网络和深度学习-吴恩达.txt"; sourceTree = "<group>"; };
		141C35AC206FC17C00E9121F /* SCOperation.h */ = {isa = PBXFileReference; fileEncoding = 4; lastKnownFileType = sourcecode.c.h; path = SCOperation.h; sourceTree = "<group>"; };
		141C35AD206FC17C00E9121F /* SCDownloader.m */ = {isa = PBXFileReference; fileEncoding = 4; lastKnownFileType = sourcecode.c.objc; path = SCDownloader.m; sourceTree = "<group>"; };
		141C35AE206FC17C00E9121F /* SCDownloadTask.m */ = {isa = PBXFileReference; fileEncoding = 4; lastKnownFileType = sourcecode.c.objc; path = SCDownloadTask.m; sourceTree = "<group>"; };
		141C35AF206FC17C00E9121F /* SCDownloader.h */ = {isa = PBXFileReference; fileEncoding = 4; lastKnownFileType = sourcecode.c.h; path = SCDownloader.h; sourceTree = "<group>"; };
		141C35B0206FC17C00E9121F /* SCOperation.m */ = {isa = PBXFileReference; fileEncoding = 4; lastKnownFileType = sourcecode.c.objc; path = SCOperation.m; sourceTree = "<group>"; };
		141C35B5206FC1E900E9121F /* SCCell.h */ = {isa = PBXFileReference; fileEncoding = 4; lastKnownFileType = sourcecode.c.h; path = SCCell.h; sourceTree = "<group>"; };
		141C35B6206FC1E900E9121F /* SCCell.m */ = {isa = PBXFileReference; fileEncoding = 4; lastKnownFileType = sourcecode.c.objc; path = SCCell.m; sourceTree = "<group>"; };
		141C35B7206FC1E900E9121F /* SCCell.xib */ = {isa = PBXFileReference; fileEncoding = 4; lastKnownFileType = file.xib; path = SCCell.xib; sourceTree = "<group>"; };
/* End PBXFileReference section */

/* Begin PBXFrameworksBuildPhase section */
		141C3571206FC15A00E9121F /* Frameworks */ = {
			isa = PBXFrameworksBuildPhase;
			buildActionMask = 2147483647;
			files = (
			);
			runOnlyForDeploymentPostprocessing = 0;
		};
		141C3589206FC15A00E9121F /* Frameworks */ = {
			isa = PBXFrameworksBuildPhase;
			buildActionMask = 2147483647;
			files = (
			);
			runOnlyForDeploymentPostprocessing = 0;
		};
		141C3594206FC15A00E9121F /* Frameworks */ = {
			isa = PBXFrameworksBuildPhase;
			buildActionMask = 2147483647;
			files = (
			);
			runOnlyForDeploymentPostprocessing = 0;
		};
/* End PBXFrameworksBuildPhase section */

/* Begin PBXGroup section */
		141C356B206FC15A00E9121F = {
			isa = PBXGroup;
			children = (
				141C3576206FC15A00E9121F /* SCDownloadDemo */,
				141C358F206FC15A00E9121F /* SCDownloadDemoTests */,
				141C359A206FC15A00E9121F /* SCDownloadDemoUITests */,
				141C3575206FC15A00E9121F /* Products */,
			);
			sourceTree = "<group>";
		};
		141C3575206FC15A00E9121F /* Products */ = {
			isa = PBXGroup;
			children = (
				141C3574206FC15A00E9121F /* SCDownloadDemo.app */,
				141C358C206FC15A00E9121F /* SCDownloadDemoTests.xctest */,
				141C3597206FC15A00E9121F /* SCDownloadDemoUITests.xctest */,
			);
			name = Products;
			sourceTree = "<group>";
		};
		141C3576206FC15A00E9121F /* SCDownloadDemo */ = {
			isa = PBXGroup;
			children = (
				141C35A9206FC17C00E9121F /* SCDownloader */,
				141C3577206FC15A00E9121F /* AppDelegate.h */,
				141C3578206FC15A00E9121F /* AppDelegate.m */,
				141C357A206FC15A00E9121F /* ViewController.h */,
				141C357B206FC15A00E9121F /* ViewController.m */,
				141C35B5206FC1E900E9121F /* SCCell.h */,
				141C35B6206FC1E900E9121F /* SCCell.m */,
				141C35B7206FC1E900E9121F /* SCCell.xib */,
				141C357D206FC15A00E9121F /* Main.storyboard */,
				141C3580206FC15A00E9121F /* Assets.xcassets */,
				141C3582206FC15A00E9121F /* LaunchScreen.storyboard */,
				141C3585206FC15A00E9121F /* Info.plist */,
				141C3586206FC15A00E9121F /* main.m */,
			);
			path = SCDownloadDemo;
			sourceTree = "<group>";
		};
		141C358F206FC15A00E9121F /* SCDownloadDemoTests */ = {
			isa = PBXGroup;
			children = (
				141C3590206FC15A00E9121F /* SCDownloadDemoTests.m */,
				141C3592206FC15A00E9121F /* Info.plist */,
			);
			path = SCDownloadDemoTests;
			sourceTree = "<group>";
		};
		141C359A206FC15A00E9121F /* SCDownloadDemoUITests */ = {
			isa = PBXGroup;
			children = (
				141C359B206FC15A00E9121F /* SCDownloadDemoUITests.m */,
				141C359D206FC15A00E9121F /* Info.plist */,
			);
			path = SCDownloadDemoUITests;
			sourceTree = "<group>";
		};
		141C35A9206FC17C00E9121F /* SCDownloader */ = {
			isa = PBXGroup;
			children = (
				141C35AB206FC17C00E9121F /* 神经网络和深度学习-吴恩达.txt */,
				141C35AC206FC17C00E9121F /* SCOperation.h */,
				141C35B0206FC17C00E9121F /* SCOperation.m */,
				141C35AF206FC17C00E9121F /* SCDownloader.h */,
				141C35AD206FC17C00E9121F /* SCDownloader.m */,
				141C35AA206FC17C00E9121F /* SCDownloadTask.h */,
				141C35AE206FC17C00E9121F /* SCDownloadTask.m */,
			);
			path = SCDownloader;
			sourceTree = "<group>";
		};
/* End PBXGroup section */

/* Begin PBXNativeTarget section */
		141C3573206FC15A00E9121F /* SCDownloadDemo */ = {
			isa = PBXNativeTarget;
			buildConfigurationList = 141C35A0206FC15A00E9121F /* Build configuration list for PBXNativeTarget "SCDownloadDemo" */;
			buildPhases = (
				141C3570206FC15A00E9121F /* Sources */,
				141C3571206FC15A00E9121F /* Frameworks */,
				141C3572206FC15A00E9121F /* Resources */,
			);
			buildRules = (
			);
			dependencies = (
			);
			name = SCDownloadDemo;
			productName = SCDownloadDemo;
			productReference = 141C3574206FC15A00E9121F /* SCDownloadDemo.app */;
			productType = "com.apple.product-type.application";
		};
		141C358B206FC15A00E9121F /* SCDownloadDemoTests */ = {
			isa = PBXNativeTarget;
			buildConfigurationList = 141C35A3206FC15A00E9121F /* Build configuration list for PBXNativeTarget "SCDownloadDemoTests" */;
			buildPhases = (
				141C3588206FC15A00E9121F /* Sources */,
				141C3589206FC15A00E9121F /* Frameworks */,
				141C358A206FC15A00E9121F /* Resources */,
			);
			buildRules = (
			);
			dependencies = (
				141C358E206FC15A00E9121F /* PBXTargetDependency */,
			);
			name = SCDownloadDemoTests;
			productName = SCDownloadDemoTests;
			productReference = 141C358C206FC15A00E9121F /* SCDownloadDemoTests.xctest */;
			productType = "com.apple.product-type.bundle.unit-test";
		};
		141C3596206FC15A00E9121F /* SCDownloadDemoUITests */ = {
			isa = PBXNativeTarget;
			buildConfigurationList = 141C35A6206FC15A00E9121F /* Build configuration list for PBXNativeTarget "SCDownloadDemoUITests" */;
			buildPhases = (
				141C3593206FC15A00E9121F /* Sources */,
				141C3594206FC15A00E9121F /* Frameworks */,
				141C3595206FC15A00E9121F /* Resources */,
			);
			buildRules = (
			);
			dependencies = (
				141C3599206FC15A00E9121F /* PBXTargetDependency */,
			);
			name = SCDownloadDemoUITests;
			productName = SCDownloadDemoUITests;
			productReference = 141C3597206FC15A00E9121F /* SCDownloadDemoUITests.xctest */;
			productType = "com.apple.product-type.bundle.ui-testing";
		};
/* End PBXNativeTarget section */

/* Begin PBXProject section */
		141C356C206FC15A00E9121F /* Project object */ = {
			isa = PBXProject;
			attributes = {
				LastUpgradeCheck = 0920;
				ORGANIZATIONNAME = cheng;
				TargetAttributes = {
					141C3573206FC15A00E9121F = {
						CreatedOnToolsVersion = 9.2;
						ProvisioningStyle = Automatic;
					};
					141C358B206FC15A00E9121F = {
						CreatedOnToolsVersion = 9.2;
						ProvisioningStyle = Automatic;
						TestTargetID = 141C3573206FC15A00E9121F;
					};
					141C3596206FC15A00E9121F = {
						CreatedOnToolsVersion = 9.2;
						ProvisioningStyle = Automatic;
						TestTargetID = 141C3573206FC15A00E9121F;
					};
				};
			};
			buildConfigurationList = 141C356F206FC15A00E9121F /* Build configuration list for PBXProject "SCDownloadDemo" */;
			compatibilityVersion = "Xcode 8.0";
			developmentRegion = en;
			hasScannedForEncodings = 0;
			knownRegions = (
				en,
				Base,
			);
			mainGroup = 141C356B206FC15A00E9121F;
			productRefGroup = 141C3575206FC15A00E9121F /* Products */;
			projectDirPath = "";
			projectRoot = "";
			targets = (
				141C3573206FC15A00E9121F /* SCDownloadDemo */,
				141C358B206FC15A00E9121F /* SCDownloadDemoTests */,
				141C3596206FC15A00E9121F /* SCDownloadDemoUITests */,
			);
		};
/* End PBXProject section */

/* Begin PBXResourcesBuildPhase section */
		141C3572206FC15A00E9121F /* Resources */ = {
			isa = PBXResourcesBuildPhase;
			buildActionMask = 2147483647;
			files = (
				141C3584206FC15A00E9121F /* LaunchScreen.storyboard in Resources */,
				141C35B9206FC1EA00E9121F /* SCCell.xib in Resources */,
				141C3581206FC15A00E9121F /* Assets.xcassets in Resources */,
				141C35B1206FC17C00E9121F /* 神经网络和深度学习-吴恩达.txt in Resources */,
				141C357F206FC15A00E9121F /* Main.storyboard in Resources */,
			);
			runOnlyForDeploymentPostprocessing = 0;
		};
		141C358A206FC15A00E9121F /* Resources */ = {
			isa = PBXResourcesBuildPhase;
			buildActionMask = 2147483647;
			files = (
			);
			runOnlyForDeploymentPostprocessing = 0;
		};
		141C3595206FC15A00E9121F /* Resources */ = {
			isa = PBXResourcesBuildPhase;
			buildActionMask = 2147483647;
			files = (
			);
			runOnlyForDeploymentPostprocessing = 0;
		};
/* End PBXResourcesBuildPhase section */

/* Begin PBXSourcesBuildPhase section */
		141C3570206FC15A00E9121F /* Sources */ = {
			isa = PBXSourcesBuildPhase;
			buildActionMask = 2147483647;
			files = (
				141C35B8206FC1EA00E9121F /* SCCell.m in Sources */,
				141C357C206FC15A00E9121F /* ViewController.m in Sources */,
				141C35B4206FC17C00E9121F /* SCOperation.m in Sources */,
				141C35B3206FC17C00E9121F /* SCDownloadTask.m in Sources */,
				141C3587206FC15A00E9121F /* main.m in Sources */,
				141C35B2206FC17C00E9121F /* SCDownloader.m in Sources */,
				141C3579206FC15A00E9121F /* AppDelegate.m in Sources */,
			);
			runOnlyForDeploymentPostprocessing = 0;
		};
		141C3588206FC15A00E9121F /* Sources */ = {
			isa = PBXSourcesBuildPhase;
			buildActionMask = 2147483647;
			files = (
				141C3591206FC15A00E9121F /* SCDownloadDemoTests.m in Sources */,
			);
			runOnlyForDeploymentPostprocessing = 0;
		};
		141C3593206FC15A00E9121F /* Sources */ = {
			isa = PBXSourcesBuildPhase;
			buildActionMask = 2147483647;
			files = (
				141C359C206FC15A00E9121F /* SCDownloadDemoUITests.m in Sources */,
			);
			runOnlyForDeploymentPostprocessing = 0;
		};
/* End PBXSourcesBuildPhase section */

/* Begin PBXTargetDependency section */
		141C358E206FC15A00E9121F /* PBXTargetDependency */ = {
			isa = PBXTargetDependency;
			target = 141C3573206FC15A00E9121F /* SCDownloadDemo */;
			targetProxy = 141C358D206FC15A00E9121F /* PBXContainerItemProxy */;
		};
		141C3599206FC15A00E9121F /* PBXTargetDependency */ = {
			isa = PBXTargetDependency;
			target = 141C3573206FC15A00E9121F /* SCDownloadDemo */;
			targetProxy = 141C3598206FC15A00E9121F /* PBXContainerItemProxy */;
		};
/* End PBXTargetDependency section */

/* Begin PBXVariantGroup section */
		141C357D206FC15A00E9121F /* Main.storyboard */ = {
			isa = PBXVariantGroup;
			children = (
				141C357E206FC15A00E9121F /* Base */,
			);
			name = Main.storyboard;
			sourceTree = "<group>";
		};
		141C3582206FC15A00E9121F /* LaunchScreen.storyboard */ = {
			isa = PBXVariantGroup;
			children = (
				141C3583206FC15A00E9121F /* Base */,
			);
			name = LaunchScreen.storyboard;
			sourceTree = "<group>";
		};
/* End PBXVariantGroup section */

/* Begin XCBuildConfiguration section */
		141C359E206FC15A00E9121F /* Debug */ = {
			isa = XCBuildConfiguration;
			buildSettings = {
				ALWAYS_SEARCH_USER_PATHS = NO;
				CLANG_ANALYZER_NONNULL = YES;
				CLANG_ANALYZER_NUMBER_OBJECT_CONVERSION = YES_AGGRESSIVE;
				CLANG_CXX_LANGUAGE_STANDARD = "gnu++14";
				CLANG_CXX_LIBRARY = "libc++";
				CLANG_ENABLE_MODULES = YES;
				CLANG_ENABLE_OBJC_ARC = YES;
				CLANG_WARN_BLOCK_CAPTURE_AUTORELEASING = YES;
				CLANG_WARN_BOOL_CONVERSION = YES;
				CLANG_WARN_COMMA = YES;
				CLANG_WARN_CONSTANT_CONVERSION = YES;
				CLANG_WARN_DIRECT_OBJC_ISA_USAGE = YES_ERROR;
				CLANG_WARN_DOCUMENTATION_COMMENTS = YES;
				CLANG_WARN_EMPTY_BODY = YES;
				CLANG_WARN_ENUM_CONVERSION = YES;
				CLANG_WARN_INFINITE_RECURSION = YES;
				CLANG_WARN_INT_CONVERSION = YES;
				CLANG_WARN_NON_LITERAL_NULL_CONVERSION = YES;
				CLANG_WARN_OBJC_LITERAL_CONVERSION = YES;
				CLANG_WARN_OBJC_ROOT_CLASS = YES_ERROR;
				CLANG_WARN_RANGE_LOOP_ANALYSIS = YES;
				CLANG_WARN_STRICT_PROTOTYPES = YES;
				CLANG_WARN_SUSPICIOUS_MOVE = YES;
				CLANG_WARN_UNGUARDED_AVAILABILITY = YES_AGGRESSIVE;
				CLANG_WARN_UNREACHABLE_CODE = YES;
				CLANG_WARN__DUPLICATE_METHOD_MATCH = YES;
				CODE_SIGN_IDENTITY = "iPhone Developer";
				COPY_PHASE_STRIP = NO;
				DEBUG_INFORMATION_FORMAT = dwarf;
				ENABLE_STRICT_OBJC_MSGSEND = YES;
				ENABLE_TESTABILITY = YES;
				GCC_C_LANGUAGE_STANDARD = gnu11;
				GCC_DYNAMIC_NO_PIC = NO;
				GCC_NO_COMMON_BLOCKS = YES;
				GCC_OPTIMIZATION_LEVEL = 0;
				GCC_PREPROCESSOR_DEFINITIONS = (
					"DEBUG=1",
					"$(inherited)",
				);
				GCC_WARN_64_TO_32_BIT_CONVERSION = YES;
				GCC_WARN_ABOUT_RETURN_TYPE = YES_ERROR;
				GCC_WARN_UNDECLARED_SELECTOR = YES;
				GCC_WARN_UNINITIALIZED_AUTOS = YES_AGGRESSIVE;
				GCC_WARN_UNUSED_FUNCTION = YES;
				GCC_WARN_UNUSED_VARIABLE = YES;
				IPHONEOS_DEPLOYMENT_TARGET = 11.2;
				MTL_ENABLE_DEBUG_INFO = YES;
				ONLY_ACTIVE_ARCH = YES;
				SDKROOT = iphoneos;
			};
			name = Debug;
		};
		141C359F206FC15A00E9121F /* Release */ = {
			isa = XCBuildConfiguration;
			buildSettings = {
				ALWAYS_SEARCH_USER_PATHS = NO;
				CLANG_ANALYZER_NONNULL = YES;
				CLANG_ANALYZER_NUMBER_OBJECT_CONVERSION = YES_AGGRESSIVE;
				CLANG_CXX_LANGUAGE_STANDARD = "gnu++14";
				CLANG_CXX_LIBRARY = "libc++";
				CLANG_ENABLE_MODULES = YES;
				CLANG_ENABLE_OBJC_ARC = YES;
				CLANG_WARN_BLOCK_CAPTURE_AUTORELEASING = YES;
				CLANG_WARN_BOOL_CONVERSION = YES;
				CLANG_WARN_COMMA = YES;
				CLANG_WARN_CONSTANT_CONVERSION = YES;
				CLANG_WARN_DIRECT_OBJC_ISA_USAGE = YES_ERROR;
				CLANG_WARN_DOCUMENTATION_COMMENTS = YES;
				CLANG_WARN_EMPTY_BODY = YES;
				CLANG_WARN_ENUM_CONVERSION = YES;
				CLANG_WARN_INFINITE_RECURSION = YES;
				CLANG_WARN_INT_CONVERSION = YES;
				CLANG_WARN_NON_LITERAL_NULL_CONVERSION = YES;
				CLANG_WARN_OBJC_LITERAL_CONVERSION = YES;
				CLANG_WARN_OBJC_ROOT_CLASS = YES_ERROR;
				CLANG_WARN_RANGE_LOOP_ANALYSIS = YES;
				CLANG_WARN_STRICT_PROTOTYPES = YES;
				CLANG_WARN_SUSPICIOUS_MOVE = YES;
				CLANG_WARN_UNGUARDED_AVAILABILITY = YES_AGGRESSIVE;
				CLANG_WARN_UNREACHABLE_CODE = YES;
				CLANG_WARN__DUPLICATE_METHOD_MATCH = YES;
				CODE_SIGN_IDENTITY = "iPhone Developer";
				COPY_PHASE_STRIP = NO;
				DEBUG_INFORMATION_FORMAT = "dwarf-with-dsym";
				ENABLE_NS_ASSERTIONS = NO;
				ENABLE_STRICT_OBJC_MSGSEND = YES;
				GCC_C_LANGUAGE_STANDARD = gnu11;
				GCC_NO_COMMON_BLOCKS = YES;
				GCC_WARN_64_TO_32_BIT_CONVERSION = YES;
				GCC_WARN_ABOUT_RETURN_TYPE = YES_ERROR;
				GCC_WARN_UNDECLARED_SELECTOR = YES;
				GCC_WARN_UNINITIALIZED_AUTOS = YES_AGGRESSIVE;
				GCC_WARN_UNUSED_FUNCTION = YES;
				GCC_WARN_UNUSED_VARIABLE = YES;
				IPHONEOS_DEPLOYMENT_TARGET = 11.2;
				MTL_ENABLE_DEBUG_INFO = NO;
				SDKROOT = iphoneos;
				VALIDATE_PRODUCT = YES;
			};
			name = Release;
		};
		141C35A1206FC15A00E9121F /* Debug */ = {
			isa = XCBuildConfiguration;
			buildSettings = {
				ASSETCATALOG_COMPILER_APPICON_NAME = AppIcon;
				CODE_SIGN_STYLE = Automatic;
				DEVELOPMENT_TEAM = 8U9V9G665Z;
				INFOPLIST_FILE = SCDownloadDemo/Info.plist;
				LD_RUNPATH_SEARCH_PATHS = "$(inherited) @executable_path/Frameworks";
				PRODUCT_BUNDLE_IDENTIFIER = com.schn.SCDownloadDemo;
				PRODUCT_NAME = "$(TARGET_NAME)";
				TARGETED_DEVICE_FAMILY = "1,2";
			};
			name = Debug;
		};
		141C35A2206FC15A00E9121F /* Release */ = {
			isa = XCBuildConfiguration;
			buildSettings = {
				ASSETCATALOG_COMPILER_APPICON_NAME = AppIcon;
				CODE_SIGN_STYLE = Automatic;
				DEVELOPMENT_TEAM = 8U9V9G665Z;
				INFOPLIST_FILE = SCDownloadDemo/Info.plist;
				LD_RUNPATH_SEARCH_PATHS = "$(inherited) @executable_path/Frameworks";
				PRODUCT_BUNDLE_IDENTIFIER = com.schn.SCDownloadDemo;
				PRODUCT_NAME = "$(TARGET_NAME)";
				TARGETED_DEVICE_FAMILY = "1,2";
			};
			name = Release;
		};
		141C35A4206FC15A00E9121F /* Debug */ = {
			isa = XCBuildConfiguration;
			buildSettings = {
				BUNDLE_LOADER = "$(TEST_HOST)";
				CODE_SIGN_STYLE = Automatic;
				DEVELOPMENT_TEAM = JEL94F72RT;
				INFOPLIST_FILE = SCDownloadDemoTests/Info.plist;
				LD_RUNPATH_SEARCH_PATHS = "$(inherited) @executable_path/Frameworks @loader_path/Frameworks";
				PRODUCT_BUNDLE_IDENTIFIER = com.schn.SCDownloadDemoTests;
				PRODUCT_NAME = "$(TARGET_NAME)";
				TARGETED_DEVICE_FAMILY = "1,2";
				TEST_HOST = "$(BUILT_PRODUCTS_DIR)/SCDownloadDemo.app/SCDownloadDemo";
			};
			name = Debug;
		};
		141C35A5206FC15A00E9121F /* Release */ = {
			isa = XCBuildConfiguration;
			buildSettings = {
				BUNDLE_LOADER = "$(TEST_HOST)";
				CODE_SIGN_STYLE = Automatic;
				DEVELOPMENT_TEAM = JEL94F72RT;
				INFOPLIST_FILE = SCDownloadDemoTests/Info.plist;
				LD_RUNPATH_SEARCH_PATHS = "$(inherited) @executable_path/Frameworks @loader_path/Frameworks";
				PRODUCT_BUNDLE_IDENTIFIER = com.schn.SCDownloadDemoTests;
				PRODUCT_NAME = "$(TARGET_NAME)";
				TARGETED_DEVICE_FAMILY = "1,2";
				TEST_HOST = "$(BUILT_PRODUCTS_DIR)/SCDownloadDemo.app/SCDownloadDemo";
			};
			name = Release;
		};
		141C35A7206FC15A00E9121F /* Debug */ = {
			isa = XCBuildConfiguration;
			buildSettings = {
				CODE_SIGN_STYLE = Automatic;
				DEVELOPMENT_TEAM = JEL94F72RT;
				INFOPLIST_FILE = SCDownloadDemoUITests/Info.plist;
				LD_RUNPATH_SEARCH_PATHS = "$(inherited) @executable_path/Frameworks @loader_path/Frameworks";
				PRODUCT_BUNDLE_IDENTIFIER = com.schn.SCDownloadDemoUITests;
				PRODUCT_NAME = "$(TARGET_NAME)";
				TARGETED_DEVICE_FAMILY = "1,2";
				TEST_TARGET_NAME = SCDownloadDemo;
			};
			name = Debug;
		};
		141C35A8206FC15A00E9121F /* Release */ = {
			isa = XCBuildConfiguration;
			buildSettings = {
				CODE_SIGN_STYLE = Automatic;
				DEVELOPMENT_TEAM = JEL94F72RT;
				INFOPLIST_FILE = SCDownloadDemoUITests/Info.plist;
				LD_RUNPATH_SEARCH_PATHS = "$(inherited) @executable_path/Frameworks @loader_path/Frameworks";
				PRODUCT_BUNDLE_IDENTIFIER = com.schn.SCDownloadDemoUITests;
				PRODUCT_NAME = "$(TARGET_NAME)";
				TARGETED_DEVICE_FAMILY = "1,2";
				TEST_TARGET_NAME = SCDownloadDemo;
			};
			name = Release;
		};
/* End XCBuildConfiguration section */

/* Begin XCConfigurationList section */
		141C356F206FC15A00E9121F /* Build configuration list for PBXProject "SCDownloadDemo" */ = {
			isa = XCConfigurationList;
			buildConfigurations = (
				141C359E206FC15A00E9121F /* Debug */,
				141C359F206FC15A00E9121F /* Release */,
			);
			defaultConfigurationIsVisible = 0;
			defaultConfigurationName = Release;
		};
		141C35A0206FC15A00E9121F /* Build configuration list for PBXNativeTarget "SCDownloadDemo" */ = {
			isa = XCConfigurationList;
			buildConfigurations = (
				141C35A1206FC15A00E9121F /* Debug */,
				141C35A2206FC15A00E9121F /* Release */,
			);
			defaultConfigurationIsVisible = 0;
			defaultConfigurationName = Release;
		};
		141C35A3206FC15A00E9121F /* Build configuration list for PBXNativeTarget "SCDownloadDemoTests" */ = {
			isa = XCConfigurationList;
			buildConfigurations = (
				141C35A4206FC15A00E9121F /* Debug */,
				141C35A5206FC15A00E9121F /* Release */,
			);
			defaultConfigurationIsVisible = 0;
			defaultConfigurationName = Release;
		};
		141C35A6206FC15A00E9121F /* Build configuration list for PBXNativeTarget "SCDownloadDemoUITests" */ = {
			isa = XCConfigurationList;
			buildConfigurations = (
				141C35A7206FC15A00E9121F /* Debug */,
				141C35A8206FC15A00E9121F /* Release */,
			);
			defaultConfigurationIsVisible = 0;
			defaultConfigurationName = Release;
		};
/* End XCConfigurationList section */
	};
	rootObject = 141C356C206FC15A00E9121F /* Project object */;
}
